
Microsoft Visual Studio Solution File, Format Version 12.00
# Visual Studio Version 17
VisualStudioVersion = 17.1.32228.430
MinimumVisualStudioVersion = 10.0.40219.1
Project("{F184B08F-C81C-45F6-A57F-5ABD9991F28F}") = "PictureViewer", "PictureViewer.vbproj", "{14BB1552-3FEB-4077-A0CF-2D2E00B9BE30}"
EndProject
Global
	GlobalSection(SolutionConfigurationPlatforms) = preSolution
		Debug|Any CPU = Debug|Any CPU
		Release|Any CPU = Release|Any CPU
	EndGlobalSection
	GlobalSection(ProjectConfigurationPlatforms) = postSolution
		{14BB1552-3FEB-4077-A0CF-2D2E00B9BE30}.Debug|Any CPU.ActiveCfg = Debug|Any CPU
		{14BB1552-3FEB-4077-A0CF-2D2E00B9BE30}.Debug|Any CPU.Build.0 = Debug|Any CPU
		{14BB1552-3FEB-4077-A0CF-2D2E00B9BE30}.Release|Any CPU.ActiveCfg = Release|Any CPU
		{14BB1552-3FEB-4077-A0CF-2D2E00B9BE30}.Release|Any CPU.Build.0 = Release|Any CPU
	EndGlobalSection
	GlobalSection(SolutionProperties) = preSolution
		HideSolutionNode = FALSE
	EndGlobalSection
	GlobalSection(ExtensibilityGlobals) = postSolution
		SolutionGuid = {E7F2DE0E-4D2B-450C-AE6F-C46C8C80AB2F}
	EndGlobalSection
EndGlobal
